{
  "name": "web-console-login",
  "version": "0.0.1",
  "lockfileVersion": 1,
  "requires": true,
  "dependencies": {
    "tslib": {
      "version": "1.9.3",
      "resolved": "https://registry.npmjs.org/tslib/-/tslib-1.9.3.tgz",
      "integrity": "sha512-4krF8scpejhaOgqzBEcGM7yDIEfi0/8+8zDRZhNZZ2kjmHJ4hv3zCbQWxoJGz1iw5U0Jl0nma13xzHXcncMavQ=="
    },
    "web-console-core": {
      "version": "0.0.4",
      "resolved": "https://npm-proxy.fury.io/rHP-icd3Wx6hkTcu1sxx/vipera-npm-registry/~/d/web-console-core/web-console-core-0.0.4",
      "integrity": "sha1-CqFqxRfxC1Ppb7fsgsWQmitiY+A=",
      "requires": {
        "tslib": "1.9.3"
      }
    }
  }
}
